
Microsoft Visual Studio Solution File, Format Version 12.00
# Visual Studio 15
VisualStudioVersion = 15.0.26430.12
MinimumVisualStudioVersion = 10.0.40219.1
Project("{9A19103F-16F7-4668-BE54-9A1E7A4F7556}") = "molitec.Web", "molitec.Web\molitec.Web.csproj", "{4069D9B8-6DF3-4E6A-95A2-BF71198247C4}"
EndProject
Project("{FAE04EC0-301F-11D3-BF4B-00C04F79EFBC}") = "molitec.Data", "molitec.Data\molitec.Data.csproj", "{AECA87B6-E118-47E2-9C03-209495B71974}"
EndProject
Global
	GlobalSection(SolutionConfigurationPlatforms) = preSolution
		Debug|Any CPU = Debug|Any CPU
		Release|Any CPU = Release|Any CPU
	EndGlobalSection
	GlobalSection(ProjectConfigurationPlatforms) = postSolution
		{4069D9B8-6DF3-4E6A-95A2-BF71198247C4}.Debug|Any CPU.ActiveCfg = Debug|Any CPU
		{4069D9B8-6DF3-4E6A-95A2-BF71198247C4}.Debug|Any CPU.Build.0 = Debug|Any CPU
		{4069D9B8-6DF3-4E6A-95A2-BF71198247C4}.Release|Any CPU.ActiveCfg = Release|Any CPU
		{4069D9B8-6DF3-4E6A-95A2-BF71198247C4}.Release|Any CPU.Build.0 = Release|Any CPU
		{AECA87B6-E118-47E2-9C03-209495B71974}.Debug|Any CPU.ActiveCfg = Debug|Any CPU
		{AECA87B6-E118-47E2-9C03-209495B71974}.Debug|Any CPU.Build.0 = Debug|Any CPU
		{AECA87B6-E118-47E2-9C03-209495B71974}.Release|Any CPU.ActiveCfg = Release|Any CPU
		{AECA87B6-E118-47E2-9C03-209495B71974}.Release|Any CPU.Build.0 = Release|Any CPU
	EndGlobalSection
	GlobalSection(SolutionProperties) = preSolution
		HideSolutionNode = FALSE
	EndGlobalSection
EndGlobal
